
Microsoft Visual Studio Solution File, Format Version 12.00
# Visual Studio Version 16
VisualStudioVersion = 16.0.29920.165
MinimumVisualStudioVersion = 10.0.40219.1
Project("{FAE04EC0-301F-11D3-BF4B-00C04F79EFBC}") = "Qrgb", "Qrgb\Qrgb.csproj", "{1681DA30-1E5C-4A7F-8D15-EC97ABA68E0C}"
EndProject
Project("{FAE04EC0-301F-11D3-BF4B-00C04F79EFBC}") = "Qrgb-Demo", "Qrgb-Demo\Qrgb-Demo.csproj", "{E699A2C7-36AC-49E7-8932-4CBD97D39D7A}"
EndProject
Global
	GlobalSection(SolutionConfigurationPlatforms) = preSolution
		Debug|Any CPU = Debug|Any CPU
		Release|Any CPU = Release|Any CPU
	EndGlobalSection
	GlobalSection(ProjectConfigurationPlatforms) = postSolution
		{1681DA30-1E5C-4A7F-8D15-EC97ABA68E0C}.Debug|Any CPU.ActiveCfg = Debug|Any CPU
		{1681DA30-1E5C-4A7F-8D15-EC97ABA68E0C}.Debug|Any CPU.Build.0 = Debug|Any CPU
		{1681DA30-1E5C-4A7F-8D15-EC97ABA68E0C}.Release|Any CPU.ActiveCfg = Release|Any CPU
		{1681DA30-1E5C-4A7F-8D15-EC97ABA68E0C}.Release|Any CPU.Build.0 = Release|Any CPU
		{E699A2C7-36AC-49E7-8932-4CBD97D39D7A}.Debug|Any CPU.ActiveCfg = Debug|Any CPU
		{E699A2C7-36AC-49E7-8932-4CBD97D39D7A}.Debug|Any CPU.Build.0 = Debug|Any CPU
		{E699A2C7-36AC-49E7-8932-4CBD97D39D7A}.Release|Any CPU.ActiveCfg = Release|Any CPU
		{E699A2C7-36AC-49E7-8932-4CBD97D39D7A}.Release|Any CPU.Build.0 = Release|Any CPU
	EndGlobalSection
	GlobalSection(SolutionProperties) = preSolution
		HideSolutionNode = FALSE
	EndGlobalSection
	GlobalSection(ExtensibilityGlobals) = postSolution
		SolutionGuid = {7C80987F-04F0-400C-876F-BB18D26CFF73}
	EndGlobalSection
EndGlobal
