
Microsoft Visual Studio Solution File, Format Version 12.00
# Visual Studio Version 16
VisualStudioVersion = 16.0.29920.165
MinimumVisualStudioVersion = 10.0.40219.1
Project("{FAE04EC0-301F-11D3-BF4B-00C04F79EFBC}") = "QRgb", "QRgb-Rewrite\QRgb.csproj", "{ACB47794-BD30-4DBB-8C02-71220A0B23BB}"
EndProject
Project("{FAE04EC0-301F-11D3-BF4B-00C04F79EFBC}") = "Demo", "Demo\Demo.csproj", "{31E41202-30DF-4922-B62F-1E3C14416B01}"
EndProject
Global
	GlobalSection(SolutionConfigurationPlatforms) = preSolution
		Debug|Any CPU = Debug|Any CPU
		Release|Any CPU = Release|Any CPU
	EndGlobalSection
	GlobalSection(ProjectConfigurationPlatforms) = postSolution
		{ACB47794-BD30-4DBB-8C02-71220A0B23BB}.Debug|Any CPU.ActiveCfg = Debug|Any CPU
		{ACB47794-BD30-4DBB-8C02-71220A0B23BB}.Debug|Any CPU.Build.0 = Debug|Any CPU
		{ACB47794-BD30-4DBB-8C02-71220A0B23BB}.Release|Any CPU.ActiveCfg = Release|Any CPU
		{ACB47794-BD30-4DBB-8C02-71220A0B23BB}.Release|Any CPU.Build.0 = Release|Any CPU
		{31E41202-30DF-4922-B62F-1E3C14416B01}.Debug|Any CPU.ActiveCfg = Debug|Any CPU
		{31E41202-30DF-4922-B62F-1E3C14416B01}.Debug|Any CPU.Build.0 = Debug|Any CPU
		{31E41202-30DF-4922-B62F-1E3C14416B01}.Release|Any CPU.ActiveCfg = Release|Any CPU
		{31E41202-30DF-4922-B62F-1E3C14416B01}.Release|Any CPU.Build.0 = Release|Any CPU
	EndGlobalSection
	GlobalSection(SolutionProperties) = preSolution
		HideSolutionNode = FALSE
	EndGlobalSection
	GlobalSection(ExtensibilityGlobals) = postSolution
		SolutionGuid = {7C80987F-04F0-400C-876F-BB18D26CFF73}
	EndGlobalSection
EndGlobal
